
Microsoft Visual Studio Solution File, Format Version 12.00
# Visual Studio Version 17
VisualStudioVersion = 17.1.32414.318
MinimumVisualStudioVersion = 10.0.40219.1
Project("{FAE04EC0-301F-11D3-BF4B-00C04F79EFBC}") = "BlackJack", "BlackJack\BlackJack.csproj", "{E25DA18D-A9B5-4DF8-997C-7D3277CC854D}"
EndProject
Global
	GlobalSection(SolutionConfigurationPlatforms) = preSolution
		Debug|Any CPU = Debug|Any CPU
		Release|Any CPU = Release|Any CPU
	EndGlobalSection
	GlobalSection(ProjectConfigurationPlatforms) = postSolution
		{E25DA18D-A9B5-4DF8-997C-7D3277CC854D}.Debug|Any CPU.ActiveCfg = Debug|Any CPU
		{E25DA18D-A9B5-4DF8-997C-7D3277CC854D}.Debug|Any CPU.Build.0 = Debug|Any CPU
		{E25DA18D-A9B5-4DF8-997C-7D3277CC854D}.Release|Any CPU.ActiveCfg = Release|Any CPU
		{E25DA18D-A9B5-4DF8-997C-7D3277CC854D}.Release|Any CPU.Build.0 = Release|Any CPU
	EndGlobalSection
	GlobalSection(SolutionProperties) = preSolution
		HideSolutionNode = FALSE
	EndGlobalSection
	GlobalSection(ExtensibilityGlobals) = postSolution
		SolutionGuid = {D868F51A-AE00-48C5-9B96-EADD4861D8B4}
	EndGlobalSection
EndGlobal
